// !$*UTF8*$!
{
	archiveVersion = 1;
	classes = {
	};
	objectVersion = 77;
	objects = {

/* Begin PBXBuildFile section */
		CED4239E2E2905700014D0E6 /* FirebaseAuth in Frameworks */ = {isa = PBXBuildFile; productRef = CED4239D2E2905700014D0E6 /* FirebaseAuth */; };
		CED423A02E2905700014D0E6 /* FirebaseDatabase in Frameworks */ = {isa = PBXBuildFile; productRef = CED4239F2E2905700014D0E6 /* FirebaseDatabase */; };
		CED423A22E2905700014D0E6 /* FirebaseFirestore in Frameworks */ = {isa = PBXBuildFile; productRef = CED423A12E2905700014D0E6 /* FirebaseFirestore */; };
		CED423A42E2905700014D0E6 /* FirebaseStorage in Frameworks */ = {isa = PBXBuildFile; productRef = CED423A32E2905700014D0E6 /* FirebaseStorage */; };
		CED423A62E2905F60014D0E6 /* GoogleService-Info.plist in Resources */ = {isa = PBXBuildFile; fileRef = CED423A52E2905F60014D0E6 /* GoogleService-Info.plist */; };
		CED423D42E2930980014D0E6 /* .swiftlint.yml in Resources */ = {isa = PBXBuildFile; fileRef = CED423D12E2930980014D0E6 /* .swiftlint.yml */; };
		CED423D62E2930980014D0E6 /* .gitignore in Resources */ = {isa = PBXBuildFile; fileRef = CED423D02E2930980014D0E6 /* .gitignore */; };
		CED4240B2E294E250014D0E6 /* Kingfisher in Frameworks */ = {isa = PBXBuildFile; productRef = CED4240A2E294E250014D0E6 /* Kingfisher */; };
/* End PBXBuildFile section */

/* Begin PBXContainerItemProxy section */
		CED423772E2903C50014D0E6 /* PBXContainerItemProxy */ = {
			isa = PBXContainerItemProxy;
			containerPortal = CED423582E2903C40014D0E6 /* Project object */;
			proxyType = 1;
			remoteGlobalIDString = CED423602E2903C40014D0E6;
			remoteInfo = Eventorias;
		};
		CED423812E2903C50014D0E6 /* PBXContainerItemProxy */ = {
			isa = PBXContainerItemProxy;
			containerPortal = CED423582E2903C40014D0E6 /* Project object */;
			proxyType = 1;
			remoteGlobalIDString = CED423602E2903C40014D0E6;
			remoteInfo = Eventorias;
		};
/* End PBXContainerItemProxy section */

/* Begin PBXFileReference section */
		CED423612E2903C40014D0E6 /* Eventorias.app */ = {isa = PBXFileReference; explicitFileType = wrapper.application; includeInIndex = 0; path = Eventorias.app; sourceTree = BUILT_PRODUCTS_DIR; };
		CED423762E2903C50014D0E6 /* EventoriasTests.xctest */ = {isa = PBXFileReference; explicitFileType = wrapper.cfbundle; includeInIndex = 0; path = EventoriasTests.xctest; sourceTree = BUILT_PRODUCTS_DIR; };
		CED423802E2903C50014D0E6 /* EventoriasUITests.xctest */ = {isa = PBXFileReference; explicitFileType = wrapper.cfbundle; includeInIndex = 0; path = EventoriasUITests.xctest; sourceTree = BUILT_PRODUCTS_DIR; };
		CED423A52E2905F60014D0E6 /* GoogleService-Info.plist */ = {isa = PBXFileReference; lastKnownFileType = text.plist.xml; path = "GoogleService-Info.plist"; sourceTree = "<group>"; };
		CED423D02E2930980014D0E6 /* .gitignore */ = {isa = PBXFileReference; lastKnownFileType = text; path = .gitignore; sourceTree = "<group>"; };
		CED423D12E2930980014D0E6 /* .swiftlint.yml */ = {isa = PBXFileReference; lastKnownFileType = text.yaml; path = .swiftlint.yml; sourceTree = "<group>"; };
/* End PBXFileReference section */

/* Begin PBXFileSystemSynchronizedBuildFileExceptionSet section */
		CE1076B82E32763F00512102 /* Exceptions for "Eventorias" folder in "Eventorias" target */ = {
			isa = PBXFileSystemSynchronizedBuildFileExceptionSet;
			membershipExceptions = (
				Info.plist,
			);
			target = CED423602E2903C40014D0E6 /* Eventorias */;
		};
/* End PBXFileSystemSynchronizedBuildFileExceptionSet section */

/* Begin PBXFileSystemSynchronizedRootGroup section */
		CED423632E2903C40014D0E6 /* Eventorias */ = {
			isa = PBXFileSystemSynchronizedRootGroup;
			exceptions = (
				CE1076B82E32763F00512102 /* Exceptions for "Eventorias" folder in "Eventorias" target */,
			);
			path = Eventorias;
			sourceTree = "<group>";
		};
		CED423792E2903C50014D0E6 /* EventoriasTests */ = {
			isa = PBXFileSystemSynchronizedRootGroup;
			path = EventoriasTests;
			sourceTree = "<group>";
		};
/* End PBXFileSystemSynchronizedRootGroup section */

/* Begin PBXFrameworksBuildPhase section */
		CED4235D2E2903C40014D0E6 /* Frameworks */ = {
			isa = PBXFrameworksBuildPhase;
			buildActionMask = 2147483647;
			files = (
				CED423A02E2905700014D0E6 /* FirebaseDatabase in Frameworks */,
				CED423A42E2905700014D0E6 /* FirebaseStorage in Frameworks */,
				CED4239E2E2905700014D0E6 /* FirebaseAuth in Frameworks */,
				CED423A22E2905700014D0E6 /* FirebaseFirestore in Frameworks */,
				CED4240B2E294E250014D0E6 /* Kingfisher in Frameworks */,
			);
			runOnlyForDeploymentPostprocessing = 0;
		};
		CED423732E2903C50014D0E6 /* Frameworks */ = {
			isa = PBXFrameworksBuildPhase;
			buildActionMask = 2147483647;
			files = (
			);
			runOnlyForDeploymentPostprocessing = 0;
		};
		CED4237D2E2903C50014D0E6 /* Frameworks */ = {
			isa = PBXFrameworksBuildPhase;
			buildActionMask = 2147483647;
			files = (
			);
			runOnlyForDeploymentPostprocessing = 0;
		};
/* End PBXFrameworksBuildPhase section */

/* Begin PBXGroup section */
		CED423572E2903C40014D0E6 = {
			isa = PBXGroup;
			children = (
				CED423A52E2905F60014D0E6 /* GoogleService-Info.plist */,
				CED423D12E2930980014D0E6 /* .swiftlint.yml */,
				CED423D02E2930980014D0E6 /* .gitignore */,
				CED423632E2903C40014D0E6 /* Eventorias */,
				CED423792E2903C50014D0E6 /* EventoriasTests */,
				CED423622E2903C40014D0E6 /* Products */,
			);
			sourceTree = "<group>";
		};
		CED423622E2903C40014D0E6 /* Products */ = {
			isa = PBXGroup;
			children = (
				CED423612E2903C40014D0E6 /* Eventorias.app */,
				CED423762E2903C50014D0E6 /* EventoriasTests.xctest */,
				CED423802E2903C50014D0E6 /* EventoriasUITests.xctest */,
			);
			name = Products;
			sourceTree = "<group>";
		};
/* End PBXGroup section */

/* Begin PBXNativeTarget section */
		CED423602E2903C40014D0E6 /* Eventorias */ = {
			isa = PBXNativeTarget;
			buildConfigurationList = CED4238A2E2903C50014D0E6 /* Build configuration list for PBXNativeTarget "Eventorias" */;
			buildPhases = (
				CED4235F2E2903C40014D0E6 /* ShellScript */,
				CED4235C2E2903C40014D0E6 /* Sources */,
				CED4235D2E2903C40014D0E6 /* Frameworks */,
				CED4235E2E2903C40014D0E6 /* Resources */,
			);
			buildRules = (
			);
			dependencies = (
			);
			fileSystemSynchronizedGroups = (
				CED423632E2903C40014D0E6 /* Eventorias */,
			);
			name = Eventorias;
			packageProductDependencies = (
				CED4239D2E2905700014D0E6 /* FirebaseAuth */,
				CED4239F2E2905700014D0E6 /* FirebaseDatabase */,
				CED423A12E2905700014D0E6 /* FirebaseFirestore */,
				CED423A32E2905700014D0E6 /* FirebaseStorage */,
				CED4240A2E294E250014D0E6 /* Kingfisher */,
			);
			productName = Eventorias;
			productReference = CED423612E2903C40014D0E6 /* Eventorias.app */;
			productType = "com.apple.product-type.application";
		};
		CED423752E2903C50014D0E6 /* EventoriasTests */ = {
			isa = PBXNativeTarget;
			buildConfigurationList = CED4238D2E2903C50014D0E6 /* Build configuration list for PBXNativeTarget "EventoriasTests" */;
			buildPhases = (
				CED423722E2903C50014D0E6 /* Sources */,
				CED423732E2903C50014D0E6 /* Frameworks */,
				CED423742E2903C50014D0E6 /* Resources */,
			);
			buildRules = (
			);
			dependencies = (
				CED423782E2903C50014D0E6 /* PBXTargetDependency */,
			);
			fileSystemSynchronizedGroups = (
				CED423792E2903C50014D0E6 /* EventoriasTests */,
			);
			name = EventoriasTests;
			packageProductDependencies = (
			);
			productName = EventoriasTests;
			productReference = CED423762E2903C50014D0E6 /* EventoriasTests.xctest */;
			productType = "com.apple.product-type.bundle.unit-test";
		};
		CED4237F2E2903C50014D0E6 /* EventoriasUITests */ = {
			isa = PBXNativeTarget;
			buildConfigurationList = CED423902E2903C50014D0E6 /* Build configuration list for PBXNativeTarget "EventoriasUITests" */;
			buildPhases = (
				CED4237C2E2903C50014D0E6 /* Sources */,
				CED4237D2E2903C50014D0E6 /* Frameworks */,
				CED4237E2E2903C50014D0E6 /* Resources */,
			);
			buildRules = (
			);
			dependencies = (
				CED423822E2903C50014D0E6 /* PBXTargetDependency */,
			);
			name = EventoriasUITests;
			packageProductDependencies = (
			);
			productName = EventoriasUITests;
			productReference = CED423802E2903C50014D0E6 /* EventoriasUITests.xctest */;
			productType = "com.apple.product-type.bundle.ui-testing";
		};
/* End PBXNativeTarget section */

/* Begin PBXProject section */
		CED423582E2903C40014D0E6 /* Project object */ = {
			isa = PBXProject;
			attributes = {
				BuildIndependentTargetsInParallel = 1;
				LastSwiftUpdateCheck = 1640;
				LastUpgradeCheck = 1640;
				TargetAttributes = {
					CED423602E2903C40014D0E6 = {
						CreatedOnToolsVersion = 16.4;
					};
					CED423752E2903C50014D0E6 = {
						CreatedOnToolsVersion = 16.4;
						LastSwiftMigration = 1640;
						TestTargetID = CED423602E2903C40014D0E6;
					};
					CED4237F2E2903C50014D0E6 = {
						CreatedOnToolsVersion = 16.4;
						TestTargetID = CED423602E2903C40014D0E6;
					};
				};
			};
			buildConfigurationList = CED4235B2E2903C40014D0E6 /* Build configuration list for PBXProject "Eventorias" */;
			developmentRegion = en;
			hasScannedForEncodings = 0;
			knownRegions = (
				en,
				Base,
			);
			mainGroup = CED423572E2903C40014D0E6;
			minimizedProjectReferenceProxies = 1;
			packageReferences = (
				CED4239C2E2905700014D0E6 /* XCRemoteSwiftPackageReference "firebase-ios-sdk" */,
				CED424092E294E250014D0E6 /* XCRemoteSwiftPackageReference "Kingfisher" */,
			);
			preferredProjectObjectVersion = 77;
			productRefGroup = CED423622E2903C40014D0E6 /* Products */;
			projectDirPath = "";
			projectRoot = "";
			targets = (
				CED423602E2903C40014D0E6 /* Eventorias */,
				CED423752E2903C50014D0E6 /* EventoriasTests */,
				CED4237F2E2903C50014D0E6 /* EventoriasUITests */,
			);
		};
/* End PBXProject section */

/* Begin PBXResourcesBuildPhase section */
		CED4235E2E2903C40014D0E6 /* Resources */ = {
			isa = PBXResourcesBuildPhase;
			buildActionMask = 2147483647;
			files = (
				CED423D42E2930980014D0E6 /* .swiftlint.yml in Resources */,
				CED423D62E2930980014D0E6 /* .gitignore in Resources */,
				CED423A62E2905F60014D0E6 /* GoogleService-Info.plist in Resources */,
			);
			runOnlyForDeploymentPostprocessing = 0;
		};
		CED423742E2903C50014D0E6 /* Resources */ = {
			isa = PBXResourcesBuildPhase;
			buildActionMask = 2147483647;
			files = (
			);
			runOnlyForDeploymentPostprocessing = 0;
		};
		CED4237E2E2903C50014D0E6 /* Resources */ = {
			isa = PBXResourcesBuildPhase;
			buildActionMask = 2147483647;
			files = (
			);
			runOnlyForDeploymentPostprocessing = 0;
		};
/* End PBXResourcesBuildPhase section */

/* Begin PBXShellScriptBuildPhase section */
		CED4235F2E2903C40014D0E6 /* ShellScript */ = {
			isa = PBXShellScriptBuildPhase;
			alwaysOutOfDate = 1;
			buildActionMask = 2147483647;
			files = (
			);
			inputFileListPaths = (
			);
			inputPaths = (
			);
			outputFileListPaths = (
			);
			outputPaths = (
			);
			runOnlyForDeploymentPostprocessing = 0;
			shellPath = /bin/sh;
			shellScript = "\n\t\t\t\t\t\tif [[ \"$(uname -m)\" == arm64 ]]; then\n \t\t\t\t\t\t\texport PATH=\"/opt/homebrew/bin:$PATH\"\n\t\t\t\t\t\tfi\n\n\t\t\t\t\t\tif which swiftlint > /dev/null; then\n\t\t\t\t\t\t\tswiftlint\n\t\t\t\t\t\telse\n\t\t\t\t\t\t\techo \"warning: SwiftLint not installed, download from https://github.com/realm/SwiftLint\"\n\t\t\t\t\t\tfi\n\t\t\t\t\t\n";
			showEnvVarsInLog = 0;
		};
/* End PBXShellScriptBuildPhase section */

/* Begin PBXSourcesBuildPhase section */
		CED4235C2E2903C40014D0E6 /* Sources */ = {
			isa = PBXSourcesBuildPhase;
			buildActionMask = 2147483647;
			files = (
			);
			runOnlyForDeploymentPostprocessing = 0;
		};
		CED423722E2903C50014D0E6 /* Sources */ = {
			isa = PBXSourcesBuildPhase;
			buildActionMask = 2147483647;
			files = (
			);
			runOnlyForDeploymentPostprocessing = 0;
		};
		CED4237C2E2903C50014D0E6 /* Sources */ = {
			isa = PBXSourcesBuildPhase;
			buildActionMask = 2147483647;
			files = (
			);
			runOnlyForDeploymentPostprocessing = 0;
		};
/* End PBXSourcesBuildPhase section */

/* Begin PBXTargetDependency section */
		CED423782E2903C50014D0E6 /* PBXTargetDependency */ = {
			isa = PBXTargetDependency;
			target = CED423602E2903C40014D0E6 /* Eventorias */;
			targetProxy = CED423772E2903C50014D0E6 /* PBXContainerItemProxy */;
		};
		CED423822E2903C50014D0E6 /* PBXTargetDependency */ = {
			isa = PBXTargetDependency;
			target = CED423602E2903C40014D0E6 /* Eventorias */;
			targetProxy = CED423812E2903C50014D0E6 /* PBXContainerItemProxy */;
		};
/* End PBXTargetDependency section */

/* Begin XCBuildConfiguration section */
		CED423882E2903C50014D0E6 /* Debug */ = {
			isa = XCBuildConfiguration;
			buildSettings = {
				ALWAYS_SEARCH_USER_PATHS = NO;
				ASSETCATALOG_COMPILER_GENERATE_SWIFT_ASSET_SYMBOL_EXTENSIONS = YES;
				CLANG_ANALYZER_NONNULL = YES;
				CLANG_ANALYZER_NUMBER_OBJECT_CONVERSION = YES_AGGRESSIVE;
				CLANG_CXX_LANGUAGE_STANDARD = "gnu++20";
				CLANG_ENABLE_MODULES = YES;
				CLANG_ENABLE_OBJC_ARC = YES;
				CLANG_ENABLE_OBJC_WEAK = YES;
				CLANG_WARN_BLOCK_CAPTURE_AUTORELEASING = YES;
				CLANG_WARN_BOOL_CONVERSION = YES;
				CLANG_WARN_COMMA = YES;
				CLANG_WARN_CONSTANT_CONVERSION = YES;
				CLANG_WARN_DEPRECATED_OBJC_IMPLEMENTATIONS = YES;
				CLANG_WARN_DIRECT_OBJC_ISA_USAGE = YES_ERROR;
				CLANG_WARN_DOCUMENTATION_COMMENTS = YES;
				CLANG_WARN_EMPTY_BODY = YES;
				CLANG_WARN_ENUM_CONVERSION = YES;
				CLANG_WARN_INFINITE_RECURSION = YES;
				CLANG_WARN_INT_CONVERSION = YES;
				CLANG_WARN_NON_LITERAL_NULL_CONVERSION = YES;
				CLANG_WARN_OBJC_IMPLICIT_RETAIN_SELF = YES;
				CLANG_WARN_OBJC_LITERAL_CONVERSION = YES;
				CLANG_WARN_OBJC_ROOT_CLASS = YES_ERROR;
				CLANG_WARN_QUOTED_INCLUDE_IN_FRAMEWORK_HEADER = YES;
				CLANG_WARN_RANGE_LOOP_ANALYSIS = YES;
				CLANG_WARN_STRICT_PROTOTYPES = YES;
				CLANG_WARN_SUSPICIOUS_MOVE = YES;
				CLANG_WARN_UNGUARDED_AVAILABILITY = YES_AGGRESSIVE;
				CLANG_WARN_UNREACHABLE_CODE = YES;
				CLANG_WARN__DUPLICATE_METHOD_MATCH = YES;
				COPY_PHASE_STRIP = NO;
				DEBUG_INFORMATION_FORMAT = dwarf;
				DEVELOPMENT_TEAM = T6PF4S9ABL;
				ENABLE_STRICT_OBJC_MSGSEND = YES;
				ENABLE_TESTABILITY = YES;
				ENABLE_USER_SCRIPT_SANDBOXING = YES;
				GCC_C_LANGUAGE_STANDARD = gnu17;
				GCC_DYNAMIC_NO_PIC = NO;
				GCC_NO_COMMON_BLOCKS = YES;
				GCC_OPTIMIZATION_LEVEL = 0;
				GCC_PREPROCESSOR_DEFINITIONS = (
					"DEBUG=1",
					"$(inherited)",
				);
				GCC_WARN_64_TO_32_BIT_CONVERSION = YES;
				GCC_WARN_ABOUT_RETURN_TYPE = YES_ERROR;
				GCC_WARN_UNDECLARED_SELECTOR = YES;
				GCC_WARN_UNINITIALIZED_AUTOS = YES_AGGRESSIVE;
				GCC_WARN_UNUSED_FUNCTION = YES;
				GCC_WARN_UNUSED_VARIABLE = YES;
				IPHONEOS_DEPLOYMENT_TARGET = 18.5;
				LOCALIZATION_PREFERS_STRING_CATALOGS = YES;
				MTL_ENABLE_DEBUG_INFO = INCLUDE_SOURCE;
				MTL_FAST_MATH = YES;
				ONLY_ACTIVE_ARCH = YES;
				SDKROOT = iphoneos;
				SWIFT_ACTIVE_COMPILATION_CONDITIONS = "DEBUG $(inherited)";
				SWIFT_OPTIMIZATION_LEVEL = "-Onone";
			};
			name = Debug;
		};
		CED423892E2903C50014D0E6 /* Release */ = {
			isa = XCBuildConfiguration;
			buildSettings = {
				ALWAYS_SEARCH_USER_PATHS = NO;
				ASSETCATALOG_COMPILER_GENERATE_SWIFT_ASSET_SYMBOL_EXTENSIONS = YES;
				CLANG_ANALYZER_NONNULL = YES;
				CLANG_ANALYZER_NUMBER_OBJECT_CONVERSION = YES_AGGRESSIVE;
				CLANG_CXX_LANGUAGE_STANDARD = "gnu++20";
				CLANG_ENABLE_MODULES = YES;
				CLANG_ENABLE_OBJC_ARC = YES;
				CLANG_ENABLE_OBJC_WEAK = YES;
				CLANG_WARN_BLOCK_CAPTURE_AUTORELEASING = YES;
				CLANG_WARN_BOOL_CONVERSION = YES;
				CLANG_WARN_COMMA = YES;
				CLANG_WARN_CONSTANT_CONVERSION = YES;
				CLANG_WARN_DEPRECATED_OBJC_IMPLEMENTATIONS = YES;
				CLANG_WARN_DIRECT_OBJC_ISA_USAGE = YES_ERROR;
				CLANG_WARN_DOCUMENTATION_COMMENTS = YES;
				CLANG_WARN_EMPTY_BODY = YES;
				CLANG_WARN_ENUM_CONVERSION = YES;
				CLANG_WARN_INFINITE_RECURSION = YES;
				CLANG_WARN_INT_CONVERSION = YES;
				CLANG_WARN_NON_LITERAL_NULL_CONVERSION = YES;
				CLANG_WARN_OBJC_IMPLICIT_RETAIN_SELF = YES;
				CLANG_WARN_OBJC_LITERAL_CONVERSION = YES;
				CLANG_WARN_OBJC_ROOT_CLASS = YES_ERROR;
				CLANG_WARN_QUOTED_INCLUDE_IN_FRAMEWORK_HEADER = YES;
				CLANG_WARN_RANGE_LOOP_ANALYSIS = YES;
				CLANG_WARN_STRICT_PROTOTYPES = YES;
				CLANG_WARN_SUSPICIOUS_MOVE = YES;
				CLANG_WARN_UNGUARDED_AVAILABILITY = YES_AGGRESSIVE;
				CLANG_WARN_UNREACHABLE_CODE = YES;
				CLANG_WARN__DUPLICATE_METHOD_MATCH = YES;
				COPY_PHASE_STRIP = NO;
				DEBUG_INFORMATION_FORMAT = "dwarf-with-dsym";
				DEVELOPMENT_TEAM = T6PF4S9ABL;
				ENABLE_NS_ASSERTIONS = NO;
				ENABLE_STRICT_OBJC_MSGSEND = YES;
				ENABLE_USER_SCRIPT_SANDBOXING = YES;
				GCC_C_LANGUAGE_STANDARD = gnu17;
				GCC_NO_COMMON_BLOCKS = YES;
				GCC_WARN_64_TO_32_BIT_CONVERSION = YES;
				GCC_WARN_ABOUT_RETURN_TYPE = YES_ERROR;
				GCC_WARN_UNDECLARED_SELECTOR = YES;
				GCC_WARN_UNINITIALIZED_AUTOS = YES_AGGRESSIVE;
				GCC_WARN_UNUSED_FUNCTION = YES;
				GCC_WARN_UNUSED_VARIABLE = YES;
				IPHONEOS_DEPLOYMENT_TARGET = 18.5;
				LOCALIZATION_PREFERS_STRING_CATALOGS = YES;
				MTL_ENABLE_DEBUG_INFO = NO;
				MTL_FAST_MATH = YES;
				SDKROOT = iphoneos;
				SWIFT_COMPILATION_MODE = wholemodule;
				VALIDATE_PRODUCT = YES;
			};
			name = Release;
		};
		CED4238B2E2903C50014D0E6 /* Debug */ = {
			isa = XCBuildConfiguration;
			buildSettings = {
				ASSETCATALOG_COMPILER_APPICON_NAME = AppIcon;
				ASSETCATALOG_COMPILER_GLOBAL_ACCENT_COLOR_NAME = AccentColor;
				CODE_SIGN_STYLE = Automatic;
				CURRENT_PROJECT_VERSION = 1;
				DEVELOPMENT_TEAM = T6PF4S9ABL;
				ENABLE_PREVIEWS = YES;
				ENABLE_USER_SCRIPT_SANDBOXING = No;
				GENERATE_INFOPLIST_FILE = YES;
				INFOPLIST_FILE = Eventorias/Info.plist;
				INFOPLIST_KEY_NSCameraUsageDescription = "This application uses camera to take picture.";
				INFOPLIST_KEY_UIApplicationSceneManifest_Generation = YES;
				INFOPLIST_KEY_UIApplicationSupportsIndirectInputEvents = YES;
				INFOPLIST_KEY_UILaunchScreen_Generation = YES;
				INFOPLIST_KEY_UISupportedInterfaceOrientations_iPad = "UIInterfaceOrientationPortrait UIInterfaceOrientationPortraitUpsideDown UIInterfaceOrientationLandscapeLeft UIInterfaceOrientationLandscapeRight";
				INFOPLIST_KEY_UISupportedInterfaceOrientations_iPhone = "UIInterfaceOrientationPortrait UIInterfaceOrientationLandscapeLeft UIInterfaceOrientationLandscapeRight";
				LD_RUNPATH_SEARCH_PATHS = (
					"$(inherited)",
					"@executable_path/Frameworks",
				);
				MARKETING_VERSION = 1.0;
				PRODUCT_BUNDLE_IDENTIFIER = thibaultgiraudon.Eventorias;
				PRODUCT_NAME = "$(TARGET_NAME)";
				SWIFT_EMIT_LOC_STRINGS = YES;
				SWIFT_VERSION = 5.0;
				TARGETED_DEVICE_FAMILY = "1,2";
			};
			name = Debug;
		};
		CED4238C2E2903C50014D0E6 /* Release */ = {
			isa = XCBuildConfiguration;
			buildSettings = {
				ASSETCATALOG_COMPILER_APPICON_NAME = AppIcon;
				ASSETCATALOG_COMPILER_GLOBAL_ACCENT_COLOR_NAME = AccentColor;
				CODE_SIGN_STYLE = Automatic;
				CURRENT_PROJECT_VERSION = 1;
				DEVELOPMENT_TEAM = T6PF4S9ABL;
				ENABLE_PREVIEWS = YES;
				ENABLE_USER_SCRIPT_SANDBOXING = No;
				GENERATE_INFOPLIST_FILE = YES;
				INFOPLIST_FILE = Eventorias/Info.plist;
				INFOPLIST_KEY_NSCameraUsageDescription = "This application uses camera to take picture.";
				INFOPLIST_KEY_UIApplicationSceneManifest_Generation = YES;
				INFOPLIST_KEY_UIApplicationSupportsIndirectInputEvents = YES;
				INFOPLIST_KEY_UILaunchScreen_Generation = YES;
				INFOPLIST_KEY_UISupportedInterfaceOrientations_iPad = "UIInterfaceOrientationPortrait UIInterfaceOrientationPortraitUpsideDown UIInterfaceOrientationLandscapeLeft UIInterfaceOrientationLandscapeRight";
				INFOPLIST_KEY_UISupportedInterfaceOrientations_iPhone = "UIInterfaceOrientationPortrait UIInterfaceOrientationLandscapeLeft UIInterfaceOrientationLandscapeRight";
				LD_RUNPATH_SEARCH_PATHS = (
					"$(inherited)",
					"@executable_path/Frameworks",
				);
				MARKETING_VERSION = 1.0;
				PRODUCT_BUNDLE_IDENTIFIER = thibaultgiraudon.Eventorias;
				PRODUCT_NAME = "$(TARGET_NAME)";
				SWIFT_EMIT_LOC_STRINGS = YES;
				SWIFT_VERSION = 5.0;
				TARGETED_DEVICE_FAMILY = "1,2";
			};
			name = Release;
		};
		CED4238E2E2903C50014D0E6 /* Debug */ = {
			isa = XCBuildConfiguration;
			buildSettings = {
				BUNDLE_LOADER = "$(TEST_HOST)";
				CLANG_ENABLE_MODULES = YES;
				CODE_SIGN_STYLE = Automatic;
				CURRENT_PROJECT_VERSION = 1;
				DEVELOPMENT_TEAM = T6PF4S9ABL;
				GENERATE_INFOPLIST_FILE = YES;
				IPHONEOS_DEPLOYMENT_TARGET = 18.5;
				MARKETING_VERSION = 1.0;
				PRODUCT_BUNDLE_IDENTIFIER = thibaultgiraudon.EventoriasTests;
				PRODUCT_NAME = "$(TARGET_NAME)";
				SWIFT_EMIT_LOC_STRINGS = NO;
				SWIFT_OPTIMIZATION_LEVEL = "-Onone";
				SWIFT_VERSION = 5.0;
				TARGETED_DEVICE_FAMILY = "1,2";
				TEST_HOST = "$(BUILT_PRODUCTS_DIR)/Eventorias.app/$(BUNDLE_EXECUTABLE_FOLDER_PATH)/Eventorias";
			};
			name = Debug;
		};
		CED4238F2E2903C50014D0E6 /* Release */ = {
			isa = XCBuildConfiguration;
			buildSettings = {
				BUNDLE_LOADER = "$(TEST_HOST)";
				CLANG_ENABLE_MODULES = YES;
				CODE_SIGN_STYLE = Automatic;
				CURRENT_PROJECT_VERSION = 1;
				DEVELOPMENT_TEAM = T6PF4S9ABL;
				GENERATE_INFOPLIST_FILE = YES;
				IPHONEOS_DEPLOYMENT_TARGET = 18.5;
				MARKETING_VERSION = 1.0;
				PRODUCT_BUNDLE_IDENTIFIER = thibaultgiraudon.EventoriasTests;
				PRODUCT_NAME = "$(TARGET_NAME)";
				SWIFT_EMIT_LOC_STRINGS = NO;
				SWIFT_VERSION = 5.0;
				TARGETED_DEVICE_FAMILY = "1,2";
				TEST_HOST = "$(BUILT_PRODUCTS_DIR)/Eventorias.app/$(BUNDLE_EXECUTABLE_FOLDER_PATH)/Eventorias";
			};
			name = Release;
		};
		CED423912E2903C50014D0E6 /* Debug */ = {
			isa = XCBuildConfiguration;
			buildSettings = {
				CODE_SIGN_STYLE = Automatic;
				CURRENT_PROJECT_VERSION = 1;
				DEVELOPMENT_TEAM = T6PF4S9ABL;
				GENERATE_INFOPLIST_FILE = YES;
				MARKETING_VERSION = 1.0;
				PRODUCT_BUNDLE_IDENTIFIER = thibaultgiraudon.EventoriasUITests;
				PRODUCT_NAME = "$(TARGET_NAME)";
				SWIFT_EMIT_LOC_STRINGS = NO;
				SWIFT_VERSION = 5.0;
				TARGETED_DEVICE_FAMILY = "1,2";
				TEST_TARGET_NAME = Eventorias;
			};
			name = Debug;
		};
		CED423922E2903C50014D0E6 /* Release */ = {
			isa = XCBuildConfiguration;
			buildSettings = {
				CODE_SIGN_STYLE = Automatic;
				CURRENT_PROJECT_VERSION = 1;
				DEVELOPMENT_TEAM = T6PF4S9ABL;
				GENERATE_INFOPLIST_FILE = YES;
				MARKETING_VERSION = 1.0;
				PRODUCT_BUNDLE_IDENTIFIER = thibaultgiraudon.EventoriasUITests;
				PRODUCT_NAME = "$(TARGET_NAME)";
				SWIFT_EMIT_LOC_STRINGS = NO;
				SWIFT_VERSION = 5.0;
				TARGETED_DEVICE_FAMILY = "1,2";
				TEST_TARGET_NAME = Eventorias;
			};
			name = Release;
		};
/* End XCBuildConfiguration section */

/* Begin XCConfigurationList section */
		CED4235B2E2903C40014D0E6 /* Build configuration list for PBXProject "Eventorias" */ = {
			isa = XCConfigurationList;
			buildConfigurations = (
				CED423882E2903C50014D0E6 /* Debug */,
				CED423892E2903C50014D0E6 /* Release */,
			);
			defaultConfigurationIsVisible = 0;
			defaultConfigurationName = Release;
		};
		CED4238A2E2903C50014D0E6 /* Build configuration list for PBXNativeTarget "Eventorias" */ = {
			isa = XCConfigurationList;
			buildConfigurations = (
				CED4238B2E2903C50014D0E6 /* Debug */,
				CED4238C2E2903C50014D0E6 /* Release */,
			);
			defaultConfigurationIsVisible = 0;
			defaultConfigurationName = Release;
		};
		CED4238D2E2903C50014D0E6 /* Build configuration list for PBXNativeTarget "EventoriasTests" */ = {
			isa = XCConfigurationList;
			buildConfigurations = (
				CED4238E2E2903C50014D0E6 /* Debug */,
				CED4238F2E2903C50014D0E6 /* Release */,
			);
			defaultConfigurationIsVisible = 0;
			defaultConfigurationName = Release;
		};
		CED423902E2903C50014D0E6 /* Build configuration list for PBXNativeTarget "EventoriasUITests" */ = {
			isa = XCConfigurationList;
			buildConfigurations = (
				CED423912E2903C50014D0E6 /* Debug */,
				CED423922E2903C50014D0E6 /* Release */,
			);
			defaultConfigurationIsVisible = 0;
			defaultConfigurationName = Release;
		};
/* End XCConfigurationList section */

/* Begin XCRemoteSwiftPackageReference section */
		CED4239C2E2905700014D0E6 /* XCRemoteSwiftPackageReference "firebase-ios-sdk" */ = {
			isa = XCRemoteSwiftPackageReference;
			repositoryURL = "https://github.com/firebase/firebase-ios-sdk";
			requirement = {
				kind = upToNextMajorVersion;
				minimumVersion = 12.0.0;
			};
		};
		CED424092E294E250014D0E6 /* XCRemoteSwiftPackageReference "Kingfisher" */ = {
			isa = XCRemoteSwiftPackageReference;
			repositoryURL = "https://github.com/onevcat/Kingfisher.git";
			requirement = {
				kind = upToNextMajorVersion;
				minimumVersion = 8.5.0;
			};
		};
/* End XCRemoteSwiftPackageReference section */

/* Begin XCSwiftPackageProductDependency section */
		CED4239D2E2905700014D0E6 /* FirebaseAuth */ = {
			isa = XCSwiftPackageProductDependency;
			package = CED4239C2E2905700014D0E6 /* XCRemoteSwiftPackageReference "firebase-ios-sdk" */;
			productName = FirebaseAuth;
		};
		CED4239F2E2905700014D0E6 /* FirebaseDatabase */ = {
			isa = XCSwiftPackageProductDependency;
			package = CED4239C2E2905700014D0E6 /* XCRemoteSwiftPackageReference "firebase-ios-sdk" */;
			productName = FirebaseDatabase;
		};
		CED423A12E2905700014D0E6 /* FirebaseFirestore */ = {
			isa = XCSwiftPackageProductDependency;
			package = CED4239C2E2905700014D0E6 /* XCRemoteSwiftPackageReference "firebase-ios-sdk" */;
			productName = FirebaseFirestore;
		};
		CED423A32E2905700014D0E6 /* FirebaseStorage */ = {
			isa = XCSwiftPackageProductDependency;
			package = CED4239C2E2905700014D0E6 /* XCRemoteSwiftPackageReference "firebase-ios-sdk" */;
			productName = FirebaseStorage;
		};
		CED4240A2E294E250014D0E6 /* Kingfisher */ = {
			isa = XCSwiftPackageProductDependency;
			package = CED424092E294E250014D0E6 /* XCRemoteSwiftPackageReference "Kingfisher" */;
			productName = Kingfisher;
		};
/* End XCSwiftPackageProductDependency section */
	};
	rootObject = CED423582E2903C40014D0E6 /* Project object */;
}
